// !$*UTF8*$!
{
	archiveVersion = 1;
	classes = {
	};
	objectVersion = 55;
	objects = {

/* Begin PBXBuildFile section */
		2219C9AE2820C90200C86A37 /* GraphDataEntity+CoreDataClass.swift in Sources */ = {isa = PBXBuildFile; fileRef = 2219C9AC2820C90200C86A37 /* GraphDataEntity+CoreDataClass.swift */; };
		2219C9AF2820C90200C86A37 /* GraphDataEntity+CoreDataProperties.swift in Sources */ = {isa = PBXBuildFile; fileRef = 2219C9AD2820C90200C86A37 /* GraphDataEntity+CoreDataProperties.swift */; };
		22294C8627F7D7BC00D2378D /* DataController.swift in Sources */ = {isa = PBXBuildFile; fileRef = 22294C8527F7D7BC00D2378D /* DataController.swift */; };
		22294C8C27F8230200D2378D /* GraphEditForm.swift in Sources */ = {isa = PBXBuildFile; fileRef = 22294C8B27F8230200D2378D /* GraphEditForm.swift */; };
		228995E1277B973500CF8F16 /* Point.swift in Sources */ = {isa = PBXBuildFile; fileRef = 228995E0277B973500CF8F16 /* Point.swift */; };
		228995E8277BA3B500CF8F16 /* GraphView.swift in Sources */ = {isa = PBXBuildFile; fileRef = 228995E7277BA3B500CF8F16 /* GraphView.swift */; };
		22A1CB8727E6F7E000DE9F18 /* PointEntity+CoreDataClass.swift in Sources */ = {isa = PBXBuildFile; fileRef = 22A1CB8327E6F7E000DE9F18 /* PointEntity+CoreDataClass.swift */; };
		22A1CB8827E6F7E000DE9F18 /* PointEntity+CoreDataProperties.swift in Sources */ = {isa = PBXBuildFile; fileRef = 22A1CB8427E6F7E000DE9F18 /* PointEntity+CoreDataProperties.swift */; };
		22A1CB8C27F5531000DE9F18 /* GraphIntakeForm.swift in Sources */ = {isa = PBXBuildFile; fileRef = 22A1CB8B27F5531000DE9F18 /* GraphIntakeForm.swift */; };
		22BEFAAB2839DFDE0081E75A /* BarView.swift in Sources */ = {isa = PBXBuildFile; fileRef = 22BEFAAA2839DFDE0081E75A /* BarView.swift */; };
		22CCDA0727702C8800308E93 /* GraphMakerApp.swift in Sources */ = {isa = PBXBuildFile; fileRef = 22CCDA0627702C8800308E93 /* GraphMakerApp.swift */; };
		22CCDA0927702C8800308E93 /* ContentView.swift in Sources */ = {isa = PBXBuildFile; fileRef = 22CCDA0827702C8800308E93 /* ContentView.swift */; };
		22CCDA0B27702C8A00308E93 /* Assets.xcassets in Resources */ = {isa = PBXBuildFile; fileRef = 22CCDA0A27702C8A00308E93 /* Assets.xcassets */; };
		22CCDA0E27702C8A00308E93 /* Preview Assets.xcassets in Resources */ = {isa = PBXBuildFile; fileRef = 22CCDA0D27702C8A00308E93 /* Preview Assets.xcassets */; };
		22CCDA1327702C8A00308E93 /* GraphMaker.xcdatamodeld in Sources */ = {isa = PBXBuildFile; fileRef = 22CCDA1127702C8A00308E93 /* GraphMaker.xcdatamodeld */; };
		22CCDA1D27702C8A00308E93 /* GraphMakerTests.swift in Sources */ = {isa = PBXBuildFile; fileRef = 22CCDA1C27702C8A00308E93 /* GraphMakerTests.swift */; };
		22CCDA2727702C8A00308E93 /* GraphMakerUITests.swift in Sources */ = {isa = PBXBuildFile; fileRef = 22CCDA2627702C8A00308E93 /* GraphMakerUITests.swift */; };
		22CCDA2927702C8A00308E93 /* GraphMakerUITestsLaunchTests.swift in Sources */ = {isa = PBXBuildFile; fileRef = 22CCDA2827702C8A00308E93 /* GraphMakerUITestsLaunchTests.swift */; };
/* End PBXBuildFile section */

/* Begin PBXContainerItemProxy section */
		22CCDA1927702C8A00308E93 /* PBXContainerItemProxy */ = {
			isa = PBXContainerItemProxy;
			containerPortal = 22CCD9FB27702C8800308E93 /* Project object */;
			proxyType = 1;
			remoteGlobalIDString = 22CCDA0227702C8800308E93;
			remoteInfo = GraphMaker;
		};
		22CCDA2327702C8A00308E93 /* PBXContainerItemProxy */ = {
			isa = PBXContainerItemProxy;
			containerPortal = 22CCD9FB27702C8800308E93 /* Project object */;
			proxyType = 1;
			remoteGlobalIDString = 22CCDA0227702C8800308E93;
			remoteInfo = GraphMaker;
		};
/* End PBXContainerItemProxy section */

/* Begin PBXFileReference section */
		2219C9AC2820C90200C86A37 /* GraphDataEntity+CoreDataClass.swift */ = {isa = PBXFileReference; lastKnownFileType = sourcecode.swift; name = "GraphDataEntity+CoreDataClass.swift"; path = "../../GraphDataEntity+CoreDataClass.swift"; sourceTree = "<group>"; };
		2219C9AD2820C90200C86A37 /* GraphDataEntity+CoreDataProperties.swift */ = {isa = PBXFileReference; lastKnownFileType = sourcecode.swift; name = "GraphDataEntity+CoreDataProperties.swift"; path = "../../GraphDataEntity+CoreDataProperties.swift"; sourceTree = "<group>"; };
		22294C8527F7D7BC00D2378D /* DataController.swift */ = {isa = PBXFileReference; lastKnownFileType = sourcecode.swift; path = DataController.swift; sourceTree = "<group>"; };
		22294C8B27F8230200D2378D /* GraphEditForm.swift */ = {isa = PBXFileReference; lastKnownFileType = sourcecode.swift; path = GraphEditForm.swift; sourceTree = "<group>"; };
		228995E0277B973500CF8F16 /* Point.swift */ = {isa = PBXFileReference; lastKnownFileType = sourcecode.swift; path = Point.swift; sourceTree = "<group>"; };
		228995E7277BA3B500CF8F16 /* GraphView.swift */ = {isa = PBXFileReference; lastKnownFileType = sourcecode.swift; path = GraphView.swift; sourceTree = "<group>"; };
		22A1CB8327E6F7E000DE9F18 /* PointEntity+CoreDataClass.swift */ = {isa = PBXFileReference; lastKnownFileType = sourcecode.swift; path = "PointEntity+CoreDataClass.swift"; sourceTree = "<group>"; };
		22A1CB8427E6F7E000DE9F18 /* PointEntity+CoreDataProperties.swift */ = {isa = PBXFileReference; lastKnownFileType = sourcecode.swift; path = "PointEntity+CoreDataProperties.swift"; sourceTree = "<group>"; };
		22A1CB8B27F5531000DE9F18 /* GraphIntakeForm.swift */ = {isa = PBXFileReference; lastKnownFileType = sourcecode.swift; path = GraphIntakeForm.swift; sourceTree = "<group>"; };
		22BEFAAA2839DFDE0081E75A /* BarView.swift */ = {isa = PBXFileReference; lastKnownFileType = sourcecode.swift; path = BarView.swift; sourceTree = "<group>"; };
		22CCDA0327702C8800308E93 /* GraphMaker.app */ = {isa = PBXFileReference; explicitFileType = wrapper.application; includeInIndex = 0; path = GraphMaker.app; sourceTree = BUILT_PRODUCTS_DIR; };
		22CCDA0627702C8800308E93 /* GraphMakerApp.swift */ = {isa = PBXFileReference; lastKnownFileType = sourcecode.swift; path = GraphMakerApp.swift; sourceTree = "<group>"; };
		22CCDA0827702C8800308E93 /* ContentView.swift */ = {isa = PBXFileReference; lastKnownFileType = sourcecode.swift; path = ContentView.swift; sourceTree = "<group>"; };
		22CCDA0A27702C8A00308E93 /* Assets.xcassets */ = {isa = PBXFileReference; lastKnownFileType = folder.assetcatalog; path = Assets.xcassets; sourceTree = "<group>"; };
		22CCDA0D27702C8A00308E93 /* Preview Assets.xcassets */ = {isa = PBXFileReference; lastKnownFileType = folder.assetcatalog; path = "Preview Assets.xcassets"; sourceTree = "<group>"; };
		22CCDA1227702C8A00308E93 /* GraphMaker.xcdatamodel */ = {isa = PBXFileReference; lastKnownFileType = wrapper.xcdatamodel; path = GraphMaker.xcdatamodel; sourceTree = "<group>"; };
		22CCDA1827702C8A00308E93 /* GraphMakerTests.xctest */ = {isa = PBXFileReference; explicitFileType = wrapper.cfbundle; includeInIndex = 0; path = GraphMakerTests.xctest; sourceTree = BUILT_PRODUCTS_DIR; };
		22CCDA1C27702C8A00308E93 /* GraphMakerTests.swift */ = {isa = PBXFileReference; lastKnownFileType = sourcecode.swift; path = GraphMakerTests.swift; sourceTree = "<group>"; };
		22CCDA2227702C8A00308E93 /* GraphMakerUITests.xctest */ = {isa = PBXFileReference; explicitFileType = wrapper.cfbundle; includeInIndex = 0; path = GraphMakerUITests.xctest; sourceTree = BUILT_PRODUCTS_DIR; };
		22CCDA2627702C8A00308E93 /* GraphMakerUITests.swift */ = {isa = PBXFileReference; lastKnownFileType = sourcecode.swift; path = GraphMakerUITests.swift; sourceTree = "<group>"; };
		22CCDA2827702C8A00308E93 /* GraphMakerUITestsLaunchTests.swift */ = {isa = PBXFileReference; lastKnownFileType = sourcecode.swift; path = GraphMakerUITestsLaunchTests.swift; sourceTree = "<group>"; };
/* End PBXFileReference section */

/* Begin PBXFrameworksBuildPhase section */
		22CCDA0027702C8800308E93 /* Frameworks */ = {
			isa = PBXFrameworksBuildPhase;
			buildActionMask = 2147483647;
			files = (
			);
			runOnlyForDeploymentPostprocessing = 0;
		};
		22CCDA1527702C8A00308E93 /* Frameworks */ = {
			isa = PBXFrameworksBuildPhase;
			buildActionMask = 2147483647;
			files = (
			);
			runOnlyForDeploymentPostprocessing = 0;
		};
		22CCDA1F27702C8A00308E93 /* Frameworks */ = {
			isa = PBXFrameworksBuildPhase;
			buildActionMask = 2147483647;
			files = (
			);
			runOnlyForDeploymentPostprocessing = 0;
		};
/* End PBXFrameworksBuildPhase section */

/* Begin PBXGroup section */
		228995E2277B977000CF8F16 /* Models */ = {
			isa = PBXGroup;
			children = (
				2219C9AC2820C90200C86A37 /* GraphDataEntity+CoreDataClass.swift */,
				2219C9AD2820C90200C86A37 /* GraphDataEntity+CoreDataProperties.swift */,
				22A1CB8327E6F7E000DE9F18 /* PointEntity+CoreDataClass.swift */,
				22A1CB8427E6F7E000DE9F18 /* PointEntity+CoreDataProperties.swift */,
				228995E0277B973500CF8F16 /* Point.swift */,
			);
			path = Models;
			sourceTree = "<group>";
		};
		22CCD9FA27702C8800308E93 = {
			isa = PBXGroup;
			children = (
				22CCDA0527702C8800308E93 /* GraphMaker */,
				22CCDA1B27702C8A00308E93 /* GraphMakerTests */,
				22CCDA2527702C8A00308E93 /* GraphMakerUITests */,
				22CCDA0427702C8800308E93 /* Products */,
			);
			sourceTree = "<group>";
		};
		22CCDA0427702C8800308E93 /* Products */ = {
			isa = PBXGroup;
			children = (
				22CCDA0327702C8800308E93 /* GraphMaker.app */,
				22CCDA1827702C8A00308E93 /* GraphMakerTests.xctest */,
				22CCDA2227702C8A00308E93 /* GraphMakerUITests.xctest */,
			);
			name = Products;
			sourceTree = "<group>";
		};
		22CCDA0527702C8800308E93 /* GraphMaker */ = {
			isa = PBXGroup;
			children = (
				22BEFAAA2839DFDE0081E75A /* BarView.swift */,
				22294C8527F7D7BC00D2378D /* DataController.swift */,
				22CCDA0A27702C8A00308E93 /* Assets.xcassets */,
				22CCDA0827702C8800308E93 /* ContentView.swift */,
				22A1CB8B27F5531000DE9F18 /* GraphIntakeForm.swift */,
				22294C8B27F8230200D2378D /* GraphEditForm.swift */,
				22CCDA1127702C8A00308E93 /* GraphMaker.xcdatamodeld */,
				22CCDA0627702C8800308E93 /* GraphMakerApp.swift */,
				228995E7277BA3B500CF8F16 /* GraphView.swift */,
				228995E2277B977000CF8F16 /* Models */,
				22CCDA0C27702C8A00308E93 /* Preview Content */,
			);
			path = GraphMaker;
			sourceTree = "<group>";
		};
		22CCDA0C27702C8A00308E93 /* Preview Content */ = {
			isa = PBXGroup;
			children = (
				22CCDA0D27702C8A00308E93 /* Preview Assets.xcassets */,
			);
			path = "Preview Content";
			sourceTree = "<group>";
		};
		22CCDA1B27702C8A00308E93 /* GraphMakerTests */ = {
			isa = PBXGroup;
			children = (
				22CCDA1C27702C8A00308E93 /* GraphMakerTests.swift */,
			);
			path = GraphMakerTests;
			sourceTree = "<group>";
		};
		22CCDA2527702C8A00308E93 /* GraphMakerUITests */ = {
			isa = PBXGroup;
			children = (
				22CCDA2627702C8A00308E93 /* GraphMakerUITests.swift */,
				22CCDA2827702C8A00308E93 /* GraphMakerUITestsLaunchTests.swift */,
			);
			path = GraphMakerUITests;
			sourceTree = "<group>";
		};
/* End PBXGroup section */

/* Begin PBXNativeTarget section */
		22CCDA0227702C8800308E93 /* GraphMaker */ = {
			isa = PBXNativeTarget;
			buildConfigurationList = 22CCDA2C27702C8A00308E93 /* Build configuration list for PBXNativeTarget "GraphMaker" */;
			buildPhases = (
				22CCD9FF27702C8800308E93 /* Sources */,
				22CCDA0027702C8800308E93 /* Frameworks */,
				22CCDA0127702C8800308E93 /* Resources */,
			);
			buildRules = (
			);
			dependencies = (
			);
			name = GraphMaker;
			productName = GraphMaker;
			productReference = 22CCDA0327702C8800308E93 /* GraphMaker.app */;
			productType = "com.apple.product-type.application";
		};
		22CCDA1727702C8A00308E93 /* GraphMakerTests */ = {
			isa = PBXNativeTarget;
			buildConfigurationList = 22CCDA2F27702C8A00308E93 /* Build configuration list for PBXNativeTarget "GraphMakerTests" */;
			buildPhases = (
				22CCDA1427702C8A00308E93 /* Sources */,
				22CCDA1527702C8A00308E93 /* Frameworks */,
				22CCDA1627702C8A00308E93 /* Resources */,
			);
			buildRules = (
			);
			dependencies = (
				22CCDA1A27702C8A00308E93 /* PBXTargetDependency */,
			);
			name = GraphMakerTests;
			productName = GraphMakerTests;
			productReference = 22CCDA1827702C8A00308E93 /* GraphMakerTests.xctest */;
			productType = "com.apple.product-type.bundle.unit-test";
		};
		22CCDA2127702C8A00308E93 /* GraphMakerUITests */ = {
			isa = PBXNativeTarget;
			buildConfigurationList = 22CCDA3227702C8A00308E93 /* Build configuration list for PBXNativeTarget "GraphMakerUITests" */;
			buildPhases = (
				22CCDA1E27702C8A00308E93 /* Sources */,
				22CCDA1F27702C8A00308E93 /* Frameworks */,
				22CCDA2027702C8A00308E93 /* Resources */,
			);
			buildRules = (
			);
			dependencies = (
				22CCDA2427702C8A00308E93 /* PBXTargetDependency */,
			);
			name = GraphMakerUITests;
			productName = GraphMakerUITests;
			productReference = 22CCDA2227702C8A00308E93 /* GraphMakerUITests.xctest */;
			productType = "com.apple.product-type.bundle.ui-testing";
		};
/* End PBXNativeTarget section */

/* Begin PBXProject section */
		22CCD9FB27702C8800308E93 /* Project object */ = {
			isa = PBXProject;
			attributes = {
				BuildIndependentTargetsInParallel = 1;
				LastSwiftUpdateCheck = 1320;
				LastUpgradeCheck = 1320;
				TargetAttributes = {
					22CCDA0227702C8800308E93 = {
						CreatedOnToolsVersion = 13.2;
					};
					22CCDA1727702C8A00308E93 = {
						CreatedOnToolsVersion = 13.2;
						TestTargetID = 22CCDA0227702C8800308E93;
					};
					22CCDA2127702C8A00308E93 = {
						CreatedOnToolsVersion = 13.2;
						TestTargetID = 22CCDA0227702C8800308E93;
					};
				};
			};
			buildConfigurationList = 22CCD9FE27702C8800308E93 /* Build configuration list for PBXProject "GraphMaker" */;
			compatibilityVersion = "Xcode 13.0";
			developmentRegion = en;
			hasScannedForEncodings = 0;
			knownRegions = (
				en,
				Base,
			);
			mainGroup = 22CCD9FA27702C8800308E93;
			productRefGroup = 22CCDA0427702C8800308E93 /* Products */;
			projectDirPath = "";
			projectRoot = "";
			targets = (
				22CCDA0227702C8800308E93 /* GraphMaker */,
				22CCDA1727702C8A00308E93 /* GraphMakerTests */,
				22CCDA2127702C8A00308E93 /* GraphMakerUITests */,
			);
		};
/* End PBXProject section */

/* Begin PBXResourcesBuildPhase section */
		22CCDA0127702C8800308E93 /* Resources */ = {
			isa = PBXResourcesBuildPhase;
			buildActionMask = 2147483647;
			files = (
				22CCDA0E27702C8A00308E93 /* Preview Assets.xcassets in Resources */,
				22CCDA0B27702C8A00308E93 /* Assets.xcassets in Resources */,
			);
			runOnlyForDeploymentPostprocessing = 0;
		};
		22CCDA1627702C8A00308E93 /* Resources */ = {
			isa = PBXResourcesBuildPhase;
			buildActionMask = 2147483647;
			files = (
			);
			runOnlyForDeploymentPostprocessing = 0;
		};
		22CCDA2027702C8A00308E93 /* Resources */ = {
			isa = PBXResourcesBuildPhase;
			buildActionMask = 2147483647;
			files = (
			);
			runOnlyForDeploymentPostprocessing = 0;
		};
/* End PBXResourcesBuildPhase section */

/* Begin PBXSourcesBuildPhase section */
		22CCD9FF27702C8800308E93 /* Sources */ = {
			isa = PBXSourcesBuildPhase;
			buildActionMask = 2147483647;
			files = (
				228995E1277B973500CF8F16 /* Point.swift in Sources */,
				22CCDA1327702C8A00308E93 /* GraphMaker.xcdatamodeld in Sources */,
				22CCDA0927702C8800308E93 /* ContentView.swift in Sources */,
				2219C9AE2820C90200C86A37 /* GraphDataEntity+CoreDataClass.swift in Sources */,
				2219C9AF2820C90200C86A37 /* GraphDataEntity+CoreDataProperties.swift in Sources */,
				22BEFAAB2839DFDE0081E75A /* BarView.swift in Sources */,
				22A1CB8C27F5531000DE9F18 /* GraphIntakeForm.swift in Sources */,
				22294C8C27F8230200D2378D /* GraphEditForm.swift in Sources */,
				22A1CB8727E6F7E000DE9F18 /* PointEntity+CoreDataClass.swift in Sources */,
				22294C8627F7D7BC00D2378D /* DataController.swift in Sources */,
				22CCDA0727702C8800308E93 /* GraphMakerApp.swift in Sources */,
				22A1CB8827E6F7E000DE9F18 /* PointEntity+CoreDataProperties.swift in Sources */,
				228995E8277BA3B500CF8F16 /* GraphView.swift in Sources */,
			);
			runOnlyForDeploymentPostprocessing = 0;
		};
		22CCDA1427702C8A00308E93 /* Sources */ = {
			isa = PBXSourcesBuildPhase;
			buildActionMask = 2147483647;
			files = (
				22CCDA1D27702C8A00308E93 /* GraphMakerTests.swift in Sources */,
			);
			runOnlyForDeploymentPostprocessing = 0;
		};
		22CCDA1E27702C8A00308E93 /* Sources */ = {
			isa = PBXSourcesBuildPhase;
			buildActionMask = 2147483647;
			files = (
				22CCDA2927702C8A00308E93 /* GraphMakerUITestsLaunchTests.swift in Sources */,
				22CCDA2727702C8A00308E93 /* GraphMakerUITests.swift in Sources */,
			);
			runOnlyForDeploymentPostprocessing = 0;
		};
/* End PBXSourcesBuildPhase section */

/* Begin PBXTargetDependency section */
		22CCDA1A27702C8A00308E93 /* PBXTargetDependency */ = {
			isa = PBXTargetDependency;
			target = 22CCDA0227702C8800308E93 /* GraphMaker */;
			targetProxy = 22CCDA1927702C8A00308E93 /* PBXContainerItemProxy */;
		};
		22CCDA2427702C8A00308E93 /* PBXTargetDependency */ = {
			isa = PBXTargetDependency;
			target = 22CCDA0227702C8800308E93 /* GraphMaker */;
			targetProxy = 22CCDA2327702C8A00308E93 /* PBXContainerItemProxy */;
		};
/* End PBXTargetDependency section */

/* Begin XCBuildConfiguration section */
		22CCDA2A27702C8A00308E93 /* Debug */ = {
			isa = XCBuildConfiguration;
			buildSettings = {
				ALWAYS_SEARCH_USER_PATHS = NO;
				CLANG_ANALYZER_NONNULL = YES;
				CLANG_ANALYZER_NUMBER_OBJECT_CONVERSION = YES_AGGRESSIVE;
				CLANG_CXX_LANGUAGE_STANDARD = "gnu++17";
				CLANG_CXX_LIBRARY = "libc++";
				CLANG_ENABLE_MODULES = YES;
				CLANG_ENABLE_OBJC_ARC = YES;
				CLANG_ENABLE_OBJC_WEAK = YES;
				CLANG_WARN_BLOCK_CAPTURE_AUTORELEASING = YES;
				CLANG_WARN_BOOL_CONVERSION = YES;
				CLANG_WARN_COMMA = YES;
				CLANG_WARN_CONSTANT_CONVERSION = YES;
				CLANG_WARN_DEPRECATED_OBJC_IMPLEMENTATIONS = YES;
				CLANG_WARN_DIRECT_OBJC_ISA_USAGE = YES_ERROR;
				CLANG_WARN_DOCUMENTATION_COMMENTS = YES;
				CLANG_WARN_EMPTY_BODY = YES;
				CLANG_WARN_ENUM_CONVERSION = YES;
				CLANG_WARN_INFINITE_RECURSION = YES;
				CLANG_WARN_INT_CONVERSION = YES;
				CLANG_WARN_NON_LITERAL_NULL_CONVERSION = YES;
				CLANG_WARN_OBJC_IMPLICIT_RETAIN_SELF = YES;
				CLANG_WARN_OBJC_LITERAL_CONVERSION = YES;
				CLANG_WARN_OBJC_ROOT_CLASS = YES_ERROR;
				CLANG_WARN_QUOTED_INCLUDE_IN_FRAMEWORK_HEADER = YES;
				CLANG_WARN_RANGE_LOOP_ANALYSIS = YES;
				CLANG_WARN_STRICT_PROTOTYPES = YES;
				CLANG_WARN_SUSPICIOUS_MOVE = YES;
				CLANG_WARN_UNGUARDED_AVAILABILITY = YES_AGGRESSIVE;
				CLANG_WARN_UNREACHABLE_CODE = YES;
				CLANG_WARN__DUPLICATE_METHOD_MATCH = YES;
				COPY_PHASE_STRIP = NO;
				DEBUG_INFORMATION_FORMAT = dwarf;
				ENABLE_STRICT_OBJC_MSGSEND = YES;
				ENABLE_TESTABILITY = YES;
				GCC_C_LANGUAGE_STANDARD = gnu11;
				GCC_DYNAMIC_NO_PIC = NO;
				GCC_NO_COMMON_BLOCKS = YES;
				GCC_OPTIMIZATION_LEVEL = 0;
				GCC_PREPROCESSOR_DEFINITIONS = (
					"DEBUG=1",
					"$(inherited)",
				);
				GCC_WARN_64_TO_32_BIT_CONVERSION = YES;
				GCC_WARN_ABOUT_RETURN_TYPE = YES_ERROR;
				GCC_WARN_UNDECLARED_SELECTOR = YES;
				GCC_WARN_UNINITIALIZED_AUTOS = YES_AGGRESSIVE;
				GCC_WARN_UNUSED_FUNCTION = YES;
				GCC_WARN_UNUSED_VARIABLE = YES;
				IPHONEOS_DEPLOYMENT_TARGET = 15.2;
				MTL_ENABLE_DEBUG_INFO = INCLUDE_SOURCE;
				MTL_FAST_MATH = YES;
				ONLY_ACTIVE_ARCH = YES;
				SDKROOT = iphoneos;
				SWIFT_ACTIVE_COMPILATION_CONDITIONS = DEBUG;
				SWIFT_OPTIMIZATION_LEVEL = "-Onone";
			};
			name = Debug;
		};
		22CCDA2B27702C8A00308E93 /* Release */ = {
			isa = XCBuildConfiguration;
			buildSettings = {
				ALWAYS_SEARCH_USER_PATHS = NO;
				CLANG_ANALYZER_NONNULL = YES;
				CLANG_ANALYZER_NUMBER_OBJECT_CONVERSION = YES_AGGRESSIVE;
				CLANG_CXX_LANGUAGE_STANDARD = "gnu++17";
				CLANG_CXX_LIBRARY = "libc++";
				CLANG_ENABLE_MODULES = YES;
				CLANG_ENABLE_OBJC_ARC = YES;
				CLANG_ENABLE_OBJC_WEAK = YES;
				CLANG_WARN_BLOCK_CAPTURE_AUTORELEASING = YES;
				CLANG_WARN_BOOL_CONVERSION = YES;
				CLANG_WARN_COMMA = YES;
				CLANG_WARN_CONSTANT_CONVERSION = YES;
				CLANG_WARN_DEPRECATED_OBJC_IMPLEMENTATIONS = YES;
				CLANG_WARN_DIRECT_OBJC_ISA_USAGE = YES_ERROR;
				CLANG_WARN_DOCUMENTATION_COMMENTS = YES;
				CLANG_WARN_EMPTY_BODY = YES;
				CLANG_WARN_ENUM_CONVERSION = YES;
				CLANG_WARN_INFINITE_RECURSION = YES;
				CLANG_WARN_INT_CONVERSION = YES;
				CLANG_WARN_NON_LITERAL_NULL_CONVERSION = YES;
				CLANG_WARN_OBJC_IMPLICIT_RETAIN_SELF = YES;
				CLANG_WARN_OBJC_LITERAL_CONVERSION = YES;
				CLANG_WARN_OBJC_ROOT_CLASS = YES_ERROR;
				CLANG_WARN_QUOTED_INCLUDE_IN_FRAMEWORK_HEADER = YES;
				CLANG_WARN_RANGE_LOOP_ANALYSIS = YES;
				CLANG_WARN_STRICT_PROTOTYPES = YES;
				CLANG_WARN_SUSPICIOUS_MOVE = YES;
				CLANG_WARN_UNGUARDED_AVAILABILITY = YES_AGGRESSIVE;
				CLANG_WARN_UNREACHABLE_CODE = YES;
				CLANG_WARN__DUPLICATE_METHOD_MATCH = YES;
				COPY_PHASE_STRIP = NO;
				DEBUG_INFORMATION_FORMAT = "dwarf-with-dsym";
				ENABLE_NS_ASSERTIONS = NO;
				ENABLE_STRICT_OBJC_MSGSEND = YES;
				GCC_C_LANGUAGE_STANDARD = gnu11;
				GCC_NO_COMMON_BLOCKS = YES;
				GCC_WARN_64_TO_32_BIT_CONVERSION = YES;
				GCC_WARN_ABOUT_RETURN_TYPE = YES_ERROR;
				GCC_WARN_UNDECLARED_SELECTOR = YES;
				GCC_WARN_UNINITIALIZED_AUTOS = YES_AGGRESSIVE;
				GCC_WARN_UNUSED_FUNCTION = YES;
				GCC_WARN_UNUSED_VARIABLE = YES;
				IPHONEOS_DEPLOYMENT_TARGET = 15.2;
				MTL_ENABLE_DEBUG_INFO = NO;
				MTL_FAST_MATH = YES;
				SDKROOT = iphoneos;
				SWIFT_COMPILATION_MODE = wholemodule;
				SWIFT_OPTIMIZATION_LEVEL = "-O";
				VALIDATE_PRODUCT = YES;
			};
			name = Release;
		};
		22CCDA2D27702C8A00308E93 /* Debug */ = {
			isa = XCBuildConfiguration;
			buildSettings = {
				ASSETCATALOG_COMPILER_APPICON_NAME = AppIcon;
				ASSETCATALOG_COMPILER_GLOBAL_ACCENT_COLOR_NAME = AccentColor;
				CODE_SIGN_STYLE = Automatic;
				CURRENT_PROJECT_VERSION = 1;
				DEVELOPMENT_ASSET_PATHS = "\"GraphMaker/Preview Content\"";
				DEVELOPMENT_TEAM = 3KR65ZULS9;
				ENABLE_PREVIEWS = YES;
				GENERATE_INFOPLIST_FILE = YES;
				INFOPLIST_KEY_UIApplicationSceneManifest_Generation = YES;
				INFOPLIST_KEY_UIApplicationSupportsIndirectInputEvents = YES;
				INFOPLIST_KEY_UILaunchScreen_Generation = YES;
				INFOPLIST_KEY_UISupportedInterfaceOrientations_iPad = "UIInterfaceOrientationPortrait UIInterfaceOrientationPortraitUpsideDown UIInterfaceOrientationLandscapeLeft UIInterfaceOrientationLandscapeRight";
				INFOPLIST_KEY_UISupportedInterfaceOrientations_iPhone = "UIInterfaceOrientationPortrait UIInterfaceOrientationLandscapeLeft UIInterfaceOrientationLandscapeRight";
				LD_RUNPATH_SEARCH_PATHS = (
					"$(inherited)",
					"@executable_path/Frameworks",
				);
				MARKETING_VERSION = 1.0;
				PRODUCT_BUNDLE_IDENTIFIER = edu.davidrynn.GraphMaker;
				PRODUCT_NAME = "$(TARGET_NAME)";
				SWIFT_EMIT_LOC_STRINGS = YES;
				SWIFT_VERSION = 5.0;
				TARGETED_DEVICE_FAMILY = "1,2";
			};
			name = Debug;
		};
		22CCDA2E27702C8A00308E93 /* Release */ = {
			isa = XCBuildConfiguration;
			buildSettings = {
				ASSETCATALOG_COMPILER_APPICON_NAME = AppIcon;
				ASSETCATALOG_COMPILER_GLOBAL_ACCENT_COLOR_NAME = AccentColor;
				CODE_SIGN_STYLE = Automatic;
				CURRENT_PROJECT_VERSION = 1;
				DEVELOPMENT_ASSET_PATHS = "\"GraphMaker/Preview Content\"";
				DEVELOPMENT_TEAM = 3KR65ZULS9;
				ENABLE_PREVIEWS = YES;
				GENERATE_INFOPLIST_FILE = YES;
				INFOPLIST_KEY_UIApplicationSceneManifest_Generation = YES;
				INFOPLIST_KEY_UIApplicationSupportsIndirectInputEvents = YES;
				INFOPLIST_KEY_UILaunchScreen_Generation = YES;
				INFOPLIST_KEY_UISupportedInterfaceOrientations_iPad = "UIInterfaceOrientationPortrait UIInterfaceOrientationPortraitUpsideDown UIInterfaceOrientationLandscapeLeft UIInterfaceOrientationLandscapeRight";
				INFOPLIST_KEY_UISupportedInterfaceOrientations_iPhone = "UIInterfaceOrientationPortrait UIInterfaceOrientationLandscapeLeft UIInterfaceOrientationLandscapeRight";
				LD_RUNPATH_SEARCH_PATHS = (
					"$(inherited)",
					"@executable_path/Frameworks",
				);
				MARKETING_VERSION = 1.0;
				PRODUCT_BUNDLE_IDENTIFIER = edu.davidrynn.GraphMaker;
				PRODUCT_NAME = "$(TARGET_NAME)";
				SWIFT_EMIT_LOC_STRINGS = YES;
				SWIFT_VERSION = 5.0;
				TARGETED_DEVICE_FAMILY = "1,2";
			};
			name = Release;
		};
		22CCDA3027702C8A00308E93 /* Debug */ = {
			isa = XCBuildConfiguration;
			buildSettings = {
				ALWAYS_EMBED_SWIFT_STANDARD_LIBRARIES = YES;
				BUNDLE_LOADER = "$(TEST_HOST)";
				CODE_SIGN_STYLE = Automatic;
				CURRENT_PROJECT_VERSION = 1;
				DEVELOPMENT_TEAM = 3KR65ZULS9;
				GENERATE_INFOPLIST_FILE = YES;
				IPHONEOS_DEPLOYMENT_TARGET = 15.2;
				MARKETING_VERSION = 1.0;
				PRODUCT_BUNDLE_IDENTIFIER = edu.davidrynn.GraphMakerTests;
				PRODUCT_NAME = "$(TARGET_NAME)";
				SWIFT_EMIT_LOC_STRINGS = NO;
				SWIFT_VERSION = 5.0;
				TARGETED_DEVICE_FAMILY = "1,2";
				TEST_HOST = "$(BUILT_PRODUCTS_DIR)/GraphMaker.app/GraphMaker";
			};
			name = Debug;
		};
		22CCDA3127702C8A00308E93 /* Release */ = {
			isa = XCBuildConfiguration;
			buildSettings = {
				ALWAYS_EMBED_SWIFT_STANDARD_LIBRARIES = YES;
				BUNDLE_LOADER = "$(TEST_HOST)";
				CODE_SIGN_STYLE = Automatic;
				CURRENT_PROJECT_VERSION = 1;
				DEVELOPMENT_TEAM = 3KR65ZULS9;
				GENERATE_INFOPLIST_FILE = YES;
				IPHONEOS_DEPLOYMENT_TARGET = 15.2;
				MARKETING_VERSION = 1.0;
				PRODUCT_BUNDLE_IDENTIFIER = edu.davidrynn.GraphMakerTests;
				PRODUCT_NAME = "$(TARGET_NAME)";
				SWIFT_EMIT_LOC_STRINGS = NO;
				SWIFT_VERSION = 5.0;
				TARGETED_DEVICE_FAMILY = "1,2";
				TEST_HOST = "$(BUILT_PRODUCTS_DIR)/GraphMaker.app/GraphMaker";
			};
			name = Release;
		};
		22CCDA3327702C8A00308E93 /* Debug */ = {
			isa = XCBuildConfiguration;
			buildSettings = {
				ALWAYS_EMBED_SWIFT_STANDARD_LIBRARIES = YES;
				CODE_SIGN_STYLE = Automatic;
				CURRENT_PROJECT_VERSION = 1;
				DEVELOPMENT_TEAM = 3KR65ZULS9;
				GENERATE_INFOPLIST_FILE = YES;
				MARKETING_VERSION = 1.0;
				PRODUCT_BUNDLE_IDENTIFIER = edu.davidrynn.GraphMakerUITests;
				PRODUCT_NAME = "$(TARGET_NAME)";
				SWIFT_EMIT_LOC_STRINGS = NO;
				SWIFT_VERSION = 5.0;
				TARGETED_DEVICE_FAMILY = "1,2";
				TEST_TARGET_NAME = GraphMaker;
			};
			name = Debug;
		};
		22CCDA3427702C8A00308E93 /* Release */ = {
			isa = XCBuildConfiguration;
			buildSettings = {
				ALWAYS_EMBED_SWIFT_STANDARD_LIBRARIES = YES;
				CODE_SIGN_STYLE = Automatic;
				CURRENT_PROJECT_VERSION = 1;
				DEVELOPMENT_TEAM = 3KR65ZULS9;
				GENERATE_INFOPLIST_FILE = YES;
				MARKETING_VERSION = 1.0;
				PRODUCT_BUNDLE_IDENTIFIER = edu.davidrynn.GraphMakerUITests;
				PRODUCT_NAME = "$(TARGET_NAME)";
				SWIFT_EMIT_LOC_STRINGS = NO;
				SWIFT_VERSION = 5.0;
				TARGETED_DEVICE_FAMILY = "1,2";
				TEST_TARGET_NAME = GraphMaker;
			};
			name = Release;
		};
/* End XCBuildConfiguration section */

/* Begin XCConfigurationList section */
		22CCD9FE27702C8800308E93 /* Build configuration list for PBXProject "GraphMaker" */ = {
			isa = XCConfigurationList;
			buildConfigurations = (
				22CCDA2A27702C8A00308E93 /* Debug */,
				22CCDA2B27702C8A00308E93 /* Release */,
			);
			defaultConfigurationIsVisible = 0;
			defaultConfigurationName = Release;
		};
		22CCDA2C27702C8A00308E93 /* Build configuration list for PBXNativeTarget "GraphMaker" */ = {
			isa = XCConfigurationList;
			buildConfigurations = (
				22CCDA2D27702C8A00308E93 /* Debug */,
				22CCDA2E27702C8A00308E93 /* Release */,
			);
			defaultConfigurationIsVisible = 0;
			defaultConfigurationName = Release;
		};
		22CCDA2F27702C8A00308E93 /* Build configuration list for PBXNativeTarget "GraphMakerTests" */ = {
			isa = XCConfigurationList;
			buildConfigurations = (
				22CCDA3027702C8A00308E93 /* Debug */,
				22CCDA3127702C8A00308E93 /* Release */,
			);
			defaultConfigurationIsVisible = 0;
			defaultConfigurationName = Release;
		};
		22CCDA3227702C8A00308E93 /* Build configuration list for PBXNativeTarget "GraphMakerUITests" */ = {
			isa = XCConfigurationList;
			buildConfigurations = (
				22CCDA3327702C8A00308E93 /* Debug */,
				22CCDA3427702C8A00308E93 /* Release */,
			);
			defaultConfigurationIsVisible = 0;
			defaultConfigurationName = Release;
		};
/* End XCConfigurationList section */

/* Begin XCVersionGroup section */
		22CCDA1127702C8A00308E93 /* GraphMaker.xcdatamodeld */ = {
			isa = XCVersionGroup;
			children = (
				22CCDA1227702C8A00308E93 /* GraphMaker.xcdatamodel */,
			);
			currentVersion = 22CCDA1227702C8A00308E93 /* GraphMaker.xcdatamodel */;
			path = GraphMaker.xcdatamodeld;
			sourceTree = "<group>";
			versionGroupType = wrapper.xcdatamodel;
		};
/* End XCVersionGroup section */
	};
	rootObject = 22CCD9FB27702C8800308E93 /* Project object */;
}
